// !$*UTF8*$!
{
	archiveVersion = 1;
	classes = {
	};
	objectVersion = 77;
	objects = {

/* Begin PBXBuildFile section */
		007B47F4AA150FDA0850A2E3 /* RecordButton.swift in Sources */ = {isa = PBXBuildFile; fileRef = 33A87D51808C9EA1F06617B9 /* RecordButton.swift */; };
		0673478FA26AB03469BE2CD5 /* PunctuationRestorer.swift in Sources */ = {isa = PBXBuildFile; fileRef = 7C459F1001BF70C99AFED9B0 /* PunctuationRestorer.swift */; };
		0B3E55E8EE1F4BA4F89039B8 /* Voice2TextApp.swift in Sources */ = {isa = PBXBuildFile; fileRef = 257E4F6E36A9D0538A8C8460 /* Voice2TextApp.swift */; };
		115107B03A8ECBAF11E907D8 /* vocab.txt in Resources */ = {isa = PBXBuildFile; fileRef = 13CCC86641D4231DB6FA8CFA /* vocab.txt */; };
		1485104CB81EAFEC00F78951 /* WhatsNewView.swift in Sources */ = {isa = PBXBuildFile; fileRef = CF9F95526071C429D9B8290F /* WhatsNewView.swift */; };
		17939FC1FBC123AD266B9455 /* OnboardingView.swift in Sources */ = {isa = PBXBuildFile; fileRef = 96473EC3802040242118B3D5 /* OnboardingView.swift */; };
		19A027F09DA438EABE50E0DD /* DebugLogWindow.swift in Sources */ = {isa = PBXBuildFile; fileRef = 9ED0EC7F0A949EB7FF906521 /* DebugLogWindow.swift */; };
		1AD40BC12A00A0B05549FC14 /* Strings.swift in Sources */ = {isa = PBXBuildFile; fileRef = 28E540758DB50D4FB2B47584 /* Strings.swift */; };
		1CE6204696086B1559DF273D /* AppleSpeechRecognizer.swift in Sources */ = {isa = PBXBuildFile; fileRef = 6BFCE46EBEF6F1D9D4AC98D4 /* AppleSpeechRecognizer.swift */; };
		234A6EAE6B9400C36FC9050B /* SettingsView.swift in Sources */ = {isa = PBXBuildFile; fileRef = 6352532232E1E479AF6863A0 /* SettingsView.swift */; };
		4485F8B69A9B9AA0C3E4CB4D /* WordPieceTokenizer.swift in Sources */ = {isa = PBXBuildFile; fileRef = 67CE03AEBEDCE3941F914371 /* WordPieceTokenizer.swift */; };
		498E284E8163D2AE6087E99D /* CoreML.framework in Frameworks */ = {isa = PBXBuildFile; fileRef = B3C21376A8629C7A804CCF42 /* CoreML.framework */; };
		56070AA1C35BC229E127C4ED /* HotkeyRecorderView.swift in Sources */ = {isa = PBXBuildFile; fileRef = A7E9A61FA62F439336DE7D42 /* HotkeyRecorderView.swift */; };
		710DC49DAB81A54B9BC1B249 /* TranscriptionView.swift in Sources */ = {isa = PBXBuildFile; fileRef = 77742FC776C7397C96C85058 /* TranscriptionView.swift */; };
		71BC54E749431CB1926B64D6 /* WhisperBridge.swift in Sources */ = {isa = PBXBuildFile; fileRef = 6B743E6EBCCD2CEB90AF1569 /* WhisperBridge.swift */; };
		745FB61AFC0BB0F202444E49 /* AppDelegate.swift in Sources */ = {isa = PBXBuildFile; fileRef = C9BD370F623D776BACF7302B /* AppDelegate.swift */; };
		7518410A6E394FE6372B62FD /* ContentView.swift in Sources */ = {isa = PBXBuildFile; fileRef = 8BA3E3EC17A7601EFDA66D88 /* ContentView.swift */; };
		82176D08A5BBCAD70BB88481 /* MenuBarView.swift in Sources */ = {isa = PBXBuildFile; fileRef = BBA1436CBCDFBCD2045F2216 /* MenuBarView.swift */; };
		864449D5FBD9E613BA20D7C3 /* WhatsNew.json in Resources */ = {isa = PBXBuildFile; fileRef = 050E4D20A662937380AB9F30 /* WhatsNew.json */; };
		967CCE006573610E3134B0E4 /* GlobalHotkeyManager.swift in Sources */ = {isa = PBXBuildFile; fileRef = D09497CC62015C5A2C8966F3 /* GlobalHotkeyManager.swift */; };
		97B195D0564AA1001A200729 /* KeychainHelper.swift in Sources */ = {isa = PBXBuildFile; fileRef = 1EFBDC98DF22721ACF0599DE /* KeychainHelper.swift */; };
		9B47DC7D6F66613BC14C4463 /* Security.framework in Frameworks */ = {isa = PBXBuildFile; fileRef = BB985066725A38DFB0DBA3E5 /* Security.framework */; };
		ADE30F5B7B29DB40447CB373 /* WindowAccessor.swift in Sources */ = {isa = PBXBuildFile; fileRef = 1AB59BC277616C02BAF0E751 /* WindowAccessor.swift */; };
		AE65E69C48C7E7375C25B8CA /* Assets.xcassets in Resources */ = {isa = PBXBuildFile; fileRef = 686877A91928AF6DCF34133C /* Assets.xcassets */; };
		C780D9A9F3E838BB873B51FA /* FloatingRecordingPanel.swift in Sources */ = {isa = PBXBuildFile; fileRef = 89DB98EA7E9FE79C66E9667E /* FloatingRecordingPanel.swift */; };
		CF40B8387190D7680F5EFA73 /* LlamaBridge.swift in Sources */ = {isa = PBXBuildFile; fileRef = 5ECD5A3E29E90FB17DA05E6C /* LlamaBridge.swift */; };
		D15A75500496C35876628348 /* CopyButton.swift in Sources */ = {isa = PBXBuildFile; fileRef = 6618D7DE87DDD3E3C2B93335 /* CopyButton.swift */; };
		D6F3AC5A94B661D0E1118BE1 /* WaveformView.swift in Sources */ = {isa = PBXBuildFile; fileRef = 9EB76AB4A01EA80DD3A955A1 /* WaveformView.swift */; };
		E6213B1B124C726FA0331476 /* AudioRecorder.swift in Sources */ = {isa = PBXBuildFile; fileRef = 4D96081A4CA4C39943765931 /* AudioRecorder.swift */; };
		EDB1AC2244343EDFE284226F /* AppState.swift in Sources */ = {isa = PBXBuildFile; fileRef = 8021D279BE4A8D57CAC845F5 /* AppState.swift */; };
		EDF4B17313B86C31FF1A87D6 /* Carbon.framework in Frameworks */ = {isa = PBXBuildFile; fileRef = E926301EDFDBC04B56BB4681 /* Carbon.framework */; };
		F15CB9D664C05110F6A249C7 /* MetalKit.framework in Frameworks */ = {isa = PBXBuildFile; fileRef = 2B8EDDD62BF49D3DAF3113F2 /* MetalKit.framework */; };
		F2E4CBC7D009DD7FF7ED75A1 /* Accelerate.framework in Frameworks */ = {isa = PBXBuildFile; fileRef = 7F2F9A3A2011A25FB2CA9E16 /* Accelerate.framework */; };
		F59BB482B16AF3533D94B6A2 /* Metal.framework in Frameworks */ = {isa = PBXBuildFile; fileRef = 0B3A6C140990D4FC86814099 /* Metal.framework */; };
		FFEA99508FFB6F6F49CD555B /* AnthropicClient.swift in Sources */ = {isa = PBXBuildFile; fileRef = C0A29669E65D4DB980F6DA71 /* AnthropicClient.swift */; };
/* End PBXBuildFile section */

/* Begin PBXFileReference section */
		050E4D20A662937380AB9F30 /* WhatsNew.json */ = {isa = PBXFileReference; lastKnownFileType = text.json; path = WhatsNew.json; sourceTree = "<group>"; };
		0B3A6C140990D4FC86814099 /* Metal.framework */ = {isa = PBXFileReference; lastKnownFileType = wrapper.framework; name = Metal.framework; path = System/Library/Frameworks/Metal.framework; sourceTree = SDKROOT; };
		13CCC86641D4231DB6FA8CFA /* vocab.txt */ = {isa = PBXFileReference; lastKnownFileType = text; path = vocab.txt; sourceTree = "<group>"; };
		1AB59BC277616C02BAF0E751 /* WindowAccessor.swift */ = {isa = PBXFileReference; lastKnownFileType = sourcecode.swift; path = WindowAccessor.swift; sourceTree = "<group>"; };
		1CA2D5D489F1259F37D5C860 /* Info.plist */ = {isa = PBXFileReference; lastKnownFileType = text.plist; path = Info.plist; sourceTree = "<group>"; };
		1EFBDC98DF22721ACF0599DE /* KeychainHelper.swift */ = {isa = PBXFileReference; lastKnownFileType = sourcecode.swift; path = KeychainHelper.swift; sourceTree = "<group>"; };
		257E4F6E36A9D0538A8C8460 /* Voice2TextApp.swift */ = {isa = PBXFileReference; lastKnownFileType = sourcecode.swift; path = Voice2TextApp.swift; sourceTree = "<group>"; };
		28E540758DB50D4FB2B47584 /* Strings.swift */ = {isa = PBXFileReference; lastKnownFileType = sourcecode.swift; path = Strings.swift; sourceTree = "<group>"; };
		2B8EDDD62BF49D3DAF3113F2 /* MetalKit.framework */ = {isa = PBXFileReference; lastKnownFileType = wrapper.framework; name = MetalKit.framework; path = System/Library/Frameworks/MetalKit.framework; sourceTree = SDKROOT; };
		33A87D51808C9EA1F06617B9 /* RecordButton.swift */ = {isa = PBXFileReference; lastKnownFileType = sourcecode.swift; path = RecordButton.swift; sourceTree = "<group>"; };
		4D96081A4CA4C39943765931 /* AudioRecorder.swift */ = {isa = PBXFileReference; lastKnownFileType = sourcecode.swift; path = AudioRecorder.swift; sourceTree = "<group>"; };
		5ECD5A3E29E90FB17DA05E6C /* LlamaBridge.swift */ = {isa = PBXFileReference; lastKnownFileType = sourcecode.swift; path = LlamaBridge.swift; sourceTree = "<group>"; };
		6352532232E1E479AF6863A0 /* SettingsView.swift */ = {isa = PBXFileReference; lastKnownFileType = sourcecode.swift; path = SettingsView.swift; sourceTree = "<group>"; };
		6618D7DE87DDD3E3C2B93335 /* CopyButton.swift */ = {isa = PBXFileReference; lastKnownFileType = sourcecode.swift; path = CopyButton.swift; sourceTree = "<group>"; };
		67CE03AEBEDCE3941F914371 /* WordPieceTokenizer.swift */ = {isa = PBXFileReference; lastKnownFileType = sourcecode.swift; path = WordPieceTokenizer.swift; sourceTree = "<group>"; };
		686877A91928AF6DCF34133C /* Assets.xcassets */ = {isa = PBXFileReference; lastKnownFileType = folder.assetcatalog; path = Assets.xcassets; sourceTree = "<group>"; };
		6B743E6EBCCD2CEB90AF1569 /* WhisperBridge.swift */ = {isa = PBXFileReference; lastKnownFileType = sourcecode.swift; path = WhisperBridge.swift; sourceTree = "<group>"; };
		6BFCE46EBEF6F1D9D4AC98D4 /* AppleSpeechRecognizer.swift */ = {isa = PBXFileReference; lastKnownFileType = sourcecode.swift; path = AppleSpeechRecognizer.swift; sourceTree = "<group>"; };
		750BA70A1ADF91C2FFD1516E /* Voice2Text.entitlements */ = {isa = PBXFileReference; lastKnownFileType = text.plist.entitlements; path = Voice2Text.entitlements; sourceTree = "<group>"; };
		77742FC776C7397C96C85058 /* TranscriptionView.swift */ = {isa = PBXFileReference; lastKnownFileType = sourcecode.swift; path = TranscriptionView.swift; sourceTree = "<group>"; };
		7C459F1001BF70C99AFED9B0 /* PunctuationRestorer.swift */ = {isa = PBXFileReference; lastKnownFileType = sourcecode.swift; path = PunctuationRestorer.swift; sourceTree = "<group>"; };
		7F2F9A3A2011A25FB2CA9E16 /* Accelerate.framework */ = {isa = PBXFileReference; lastKnownFileType = wrapper.framework; name = Accelerate.framework; path = System/Library/Frameworks/Accelerate.framework; sourceTree = SDKROOT; };
		8021D279BE4A8D57CAC845F5 /* AppState.swift */ = {isa = PBXFileReference; lastKnownFileType = sourcecode.swift; path = AppState.swift; sourceTree = "<group>"; };
		89DB98EA7E9FE79C66E9667E /* FloatingRecordingPanel.swift */ = {isa = PBXFileReference; lastKnownFileType = sourcecode.swift; path = FloatingRecordingPanel.swift; sourceTree = "<group>"; };
		8BA3E3EC17A7601EFDA66D88 /* ContentView.swift */ = {isa = PBXFileReference; lastKnownFileType = sourcecode.swift; path = ContentView.swift; sourceTree = "<group>"; };
		96473EC3802040242118B3D5 /* OnboardingView.swift */ = {isa = PBXFileReference; lastKnownFileType = sourcecode.swift; path = OnboardingView.swift; sourceTree = "<group>"; };
		9EB76AB4A01EA80DD3A955A1 /* WaveformView.swift */ = {isa = PBXFileReference; lastKnownFileType = sourcecode.swift; path = WaveformView.swift; sourceTree = "<group>"; };
		9ED0EC7F0A949EB7FF906521 /* DebugLogWindow.swift */ = {isa = PBXFileReference; lastKnownFileType = sourcecode.swift; path = DebugLogWindow.swift; sourceTree = "<group>"; };
		A7E9A61FA62F439336DE7D42 /* HotkeyRecorderView.swift */ = {isa = PBXFileReference; lastKnownFileType = sourcecode.swift; path = HotkeyRecorderView.swift; sourceTree = "<group>"; };
		AD9EC33F2FDD613C1DB59147 /* Voice2Text.app */ = {isa = PBXFileReference; explicitFileType = wrapper.application; includeInIndex = 0; path = Voice2Text.app; sourceTree = BUILT_PRODUCTS_DIR; };
		B3C21376A8629C7A804CCF42 /* CoreML.framework */ = {isa = PBXFileReference; lastKnownFileType = wrapper.framework; name = CoreML.framework; path = System/Library/Frameworks/CoreML.framework; sourceTree = SDKROOT; };
		BB985066725A38DFB0DBA3E5 /* Security.framework */ = {isa = PBXFileReference; lastKnownFileType = wrapper.framework; name = Security.framework; path = System/Library/Frameworks/Security.framework; sourceTree = SDKROOT; };
		BBA1436CBCDFBCD2045F2216 /* MenuBarView.swift */ = {isa = PBXFileReference; lastKnownFileType = sourcecode.swift; path = MenuBarView.swift; sourceTree = "<group>"; };
		C0A29669E65D4DB980F6DA71 /* AnthropicClient.swift */ = {isa = PBXFileReference; lastKnownFileType = sourcecode.swift; path = AnthropicClient.swift; sourceTree = "<group>"; };
		C9BD370F623D776BACF7302B /* AppDelegate.swift */ = {isa = PBXFileReference; lastKnownFileType = sourcecode.swift; path = AppDelegate.swift; sourceTree = "<group>"; };
		CF9F95526071C429D9B8290F /* WhatsNewView.swift */ = {isa = PBXFileReference; lastKnownFileType = sourcecode.swift; path = WhatsNewView.swift; sourceTree = "<group>"; };
		D09497CC62015C5A2C8966F3 /* GlobalHotkeyManager.swift */ = {isa = PBXFileReference; lastKnownFileType = sourcecode.swift; path = GlobalHotkeyManager.swift; sourceTree = "<group>"; };
		E926301EDFDBC04B56BB4681 /* Carbon.framework */ = {isa = PBXFileReference; lastKnownFileType = wrapper.framework; name = Carbon.framework; path = System/Library/Frameworks/Carbon.framework; sourceTree = SDKROOT; };
		F7524ADDFF9C1223A3FCAFAF /* Voice2Text-Bridging-Header.h */ = {isa = PBXFileReference; lastKnownFileType = sourcecode.c.h; path = "Voice2Text-Bridging-Header.h"; sourceTree = "<group>"; };
/* End PBXFileReference section */

/* Begin PBXFrameworksBuildPhase section */
		869E63D5B71A5A51BEA42E7F /* Frameworks */ = {
			isa = PBXFrameworksBuildPhase;
			buildActionMask = 2147483647;
			files = (
				F2E4CBC7D009DD7FF7ED75A1 /* Accelerate.framework in Frameworks */,
				EDF4B17313B86C31FF1A87D6 /* Carbon.framework in Frameworks */,
				498E284E8163D2AE6087E99D /* CoreML.framework in Frameworks */,
				F59BB482B16AF3533D94B6A2 /* Metal.framework in Frameworks */,
				F15CB9D664C05110F6A249C7 /* MetalKit.framework in Frameworks */,
				9B47DC7D6F66613BC14C4463 /* Security.framework in Frameworks */,
			);
			runOnlyForDeploymentPostprocessing = 0;
		};
/* End PBXFrameworksBuildPhase section */

/* Begin PBXGroup section */
		1B0AA5E7AC98F9FAE9933E14 /* Voice2Text */ = {
			isa = PBXGroup;
			children = (
				C0A29669E65D4DB980F6DA71 /* AnthropicClient.swift */,
				C9BD370F623D776BACF7302B /* AppDelegate.swift */,
				6BFCE46EBEF6F1D9D4AC98D4 /* AppleSpeechRecognizer.swift */,
				8021D279BE4A8D57CAC845F5 /* AppState.swift */,
				686877A91928AF6DCF34133C /* Assets.xcassets */,
				4D96081A4CA4C39943765931 /* AudioRecorder.swift */,
				8BA3E3EC17A7601EFDA66D88 /* ContentView.swift */,
				6618D7DE87DDD3E3C2B93335 /* CopyButton.swift */,
				9ED0EC7F0A949EB7FF906521 /* DebugLogWindow.swift */,
				89DB98EA7E9FE79C66E9667E /* FloatingRecordingPanel.swift */,
				D09497CC62015C5A2C8966F3 /* GlobalHotkeyManager.swift */,
				A7E9A61FA62F439336DE7D42 /* HotkeyRecorderView.swift */,
				1CA2D5D489F1259F37D5C860 /* Info.plist */,
				1EFBDC98DF22721ACF0599DE /* KeychainHelper.swift */,
				5ECD5A3E29E90FB17DA05E6C /* LlamaBridge.swift */,
				BBA1436CBCDFBCD2045F2216 /* MenuBarView.swift */,
				96473EC3802040242118B3D5 /* OnboardingView.swift */,
				7C459F1001BF70C99AFED9B0 /* PunctuationRestorer.swift */,
				33A87D51808C9EA1F06617B9 /* RecordButton.swift */,
				6352532232E1E479AF6863A0 /* SettingsView.swift */,
				28E540758DB50D4FB2B47584 /* Strings.swift */,
				77742FC776C7397C96C85058 /* TranscriptionView.swift */,
				13CCC86641D4231DB6FA8CFA /* vocab.txt */,
				F7524ADDFF9C1223A3FCAFAF /* Voice2Text-Bridging-Header.h */,
				750BA70A1ADF91C2FFD1516E /* Voice2Text.entitlements */,
				257E4F6E36A9D0538A8C8460 /* Voice2TextApp.swift */,
				9EB76AB4A01EA80DD3A955A1 /* WaveformView.swift */,
				050E4D20A662937380AB9F30 /* WhatsNew.json */,
				CF9F95526071C429D9B8290F /* WhatsNewView.swift */,
				6B743E6EBCCD2CEB90AF1569 /* WhisperBridge.swift */,
				1AB59BC277616C02BAF0E751 /* WindowAccessor.swift */,
				67CE03AEBEDCE3941F914371 /* WordPieceTokenizer.swift */,
			);
			path = Voice2Text;
			sourceTree = "<group>";
		};
		31CD02CB5E148120493D5735 /* Products */ = {
			isa = PBXGroup;
			children = (
				AD9EC33F2FDD613C1DB59147 /* Voice2Text.app */,
			);
			name = Products;
			sourceTree = "<group>";
		};
		4B59874FA92801321C68E829 /* Frameworks */ = {
			isa = PBXGroup;
			children = (
				7F2F9A3A2011A25FB2CA9E16 /* Accelerate.framework */,
				E926301EDFDBC04B56BB4681 /* Carbon.framework */,
				B3C21376A8629C7A804CCF42 /* CoreML.framework */,
				0B3A6C140990D4FC86814099 /* Metal.framework */,
				2B8EDDD62BF49D3DAF3113F2 /* MetalKit.framework */,
				BB985066725A38DFB0DBA3E5 /* Security.framework */,
			);
			name = Frameworks;
			sourceTree = "<group>";
		};
		A8E1A52009EC7464A2F52C90 = {
			isa = PBXGroup;
			children = (
				1B0AA5E7AC98F9FAE9933E14 /* Voice2Text */,
				4B59874FA92801321C68E829 /* Frameworks */,
				31CD02CB5E148120493D5735 /* Products */,
			);
			sourceTree = "<group>";
		};
/* End PBXGroup section */

/* Begin PBXNativeTarget section */
		0ED16C856B34697C62247E19 /* Voice2Text */ = {
			isa = PBXNativeTarget;
			buildConfigurationList = 960FE16CA7AB596C4944A6FB /* Build configuration list for PBXNativeTarget "Voice2Text" */;
			buildPhases = (
				3DDA6C4CDA47CA2C03FC9568 /* Sources */,
				F28CE1D41DD3B1130FC9E03D /* Resources */,
				869E63D5B71A5A51BEA42E7F /* Frameworks */,
			);
			buildRules = (
			);
			dependencies = (
			);
			name = Voice2Text;
			packageProductDependencies = (
			);
			productName = Voice2Text;
			productReference = AD9EC33F2FDD613C1DB59147 /* Voice2Text.app */;
			productType = "com.apple.product-type.application";
		};
/* End PBXNativeTarget section */

/* Begin PBXProject section */
		B96CD4A27AA637771350BD4B /* Project object */ = {
			isa = PBXProject;
			attributes = {
				BuildIndependentTargetsInParallel = YES;
				LastUpgradeCheck = 1500;
			};
			buildConfigurationList = 0A268B4046FE1F95268C5157 /* Build configuration list for PBXProject "Voice2Text" */;
			compatibilityVersion = "Xcode 14.0";
			developmentRegion = en;
			hasScannedForEncodings = 0;
			knownRegions = (
				Base,
				en,
			);
			mainGroup = A8E1A52009EC7464A2F52C90;
			minimizedProjectReferenceProxies = 1;
			preferredProjectObjectVersion = 77;
			projectDirPath = "";
			projectRoot = "";
			targets = (
				0ED16C856B34697C62247E19 /* Voice2Text */,
			);
		};
/* End PBXProject section */

/* Begin PBXResourcesBuildPhase section */
		F28CE1D41DD3B1130FC9E03D /* Resources */ = {
			isa = PBXResourcesBuildPhase;
			buildActionMask = 2147483647;
			files = (
				AE65E69C48C7E7375C25B8CA /* Assets.xcassets in Resources */,
				864449D5FBD9E613BA20D7C3 /* WhatsNew.json in Resources */,
				115107B03A8ECBAF11E907D8 /* vocab.txt in Resources */,
			);
			runOnlyForDeploymentPostprocessing = 0;
		};
/* End PBXResourcesBuildPhase section */

/* Begin PBXSourcesBuildPhase section */
		3DDA6C4CDA47CA2C03FC9568 /* Sources */ = {
			isa = PBXSourcesBuildPhase;
			buildActionMask = 2147483647;
			files = (
				FFEA99508FFB6F6F49CD555B /* AnthropicClient.swift in Sources */,
				745FB61AFC0BB0F202444E49 /* AppDelegate.swift in Sources */,
				EDB1AC2244343EDFE284226F /* AppState.swift in Sources */,
				1CE6204696086B1559DF273D /* AppleSpeechRecognizer.swift in Sources */,
				E6213B1B124C726FA0331476 /* AudioRecorder.swift in Sources */,
				7518410A6E394FE6372B62FD /* ContentView.swift in Sources */,
				D15A75500496C35876628348 /* CopyButton.swift in Sources */,
				19A027F09DA438EABE50E0DD /* DebugLogWindow.swift in Sources */,
				C780D9A9F3E838BB873B51FA /* FloatingRecordingPanel.swift in Sources */,
				967CCE006573610E3134B0E4 /* GlobalHotkeyManager.swift in Sources */,
				56070AA1C35BC229E127C4ED /* HotkeyRecorderView.swift in Sources */,
				97B195D0564AA1001A200729 /* KeychainHelper.swift in Sources */,
				CF40B8387190D7680F5EFA73 /* LlamaBridge.swift in Sources */,
				82176D08A5BBCAD70BB88481 /* MenuBarView.swift in Sources */,
				17939FC1FBC123AD266B9455 /* OnboardingView.swift in Sources */,
				0673478FA26AB03469BE2CD5 /* PunctuationRestorer.swift in Sources */,
				007B47F4AA150FDA0850A2E3 /* RecordButton.swift in Sources */,
				234A6EAE6B9400C36FC9050B /* SettingsView.swift in Sources */,
				1AD40BC12A00A0B05549FC14 /* Strings.swift in Sources */,
				710DC49DAB81A54B9BC1B249 /* TranscriptionView.swift in Sources */,
				0B3E55E8EE1F4BA4F89039B8 /* Voice2TextApp.swift in Sources */,
				D6F3AC5A94B661D0E1118BE1 /* WaveformView.swift in Sources */,
				1485104CB81EAFEC00F78951 /* WhatsNewView.swift in Sources */,
				71BC54E749431CB1926B64D6 /* WhisperBridge.swift in Sources */,
				ADE30F5B7B29DB40447CB373 /* WindowAccessor.swift in Sources */,
				4485F8B69A9B9AA0C3E4CB4D /* WordPieceTokenizer.swift in Sources */,
			);
			runOnlyForDeploymentPostprocessing = 0;
		};
/* End PBXSourcesBuildPhase section */

/* Begin XCBuildConfiguration section */
		3F15113D21CB0024DA3B5C4F /* Release */ = {
			isa = XCBuildConfiguration;
			buildSettings = {
				ALWAYS_SEARCH_USER_PATHS = NO;
				CLANG_ANALYZER_NONNULL = YES;
				CLANG_ANALYZER_NUMBER_OBJECT_CONVERSION = YES_AGGRESSIVE;
				CLANG_CXX_LANGUAGE_STANDARD = "gnu++14";
				CLANG_CXX_LIBRARY = "libc++";
				CLANG_ENABLE_MODULES = YES;
				CLANG_ENABLE_OBJC_ARC = YES;
				CLANG_ENABLE_OBJC_WEAK = YES;
				CLANG_WARN_BLOCK_CAPTURE_AUTORELEASING = YES;
				CLANG_WARN_BOOL_CONVERSION = YES;
				CLANG_WARN_COMMA = YES;
				CLANG_WARN_CONSTANT_CONVERSION = YES;
				CLANG_WARN_DEPRECATED_OBJC_IMPLEMENTATIONS = YES;
				CLANG_WARN_DIRECT_OBJC_ISA_USAGE = YES_ERROR;
				CLANG_WARN_DOCUMENTATION_COMMENTS = YES;
				CLANG_WARN_EMPTY_BODY = YES;
				CLANG_WARN_ENUM_CONVERSION = YES;
				CLANG_WARN_INFINITE_RECURSION = YES;
				CLANG_WARN_INT_CONVERSION = YES;
				CLANG_WARN_NON_LITERAL_NULL_CONVERSION = YES;
				CLANG_WARN_OBJC_IMPLICIT_RETAIN_SELF = YES;
				CLANG_WARN_OBJC_LITERAL_CONVERSION = YES;
				CLANG_WARN_OBJC_ROOT_CLASS = YES_ERROR;
				CLANG_WARN_QUOTED_INCLUDE_IN_FRAMEWORK_HEADER = YES;
				CLANG_WARN_RANGE_LOOP_ANALYSIS = YES;
				CLANG_WARN_STRICT_PROTOTYPES = YES;
				CLANG_WARN_SUSPICIOUS_MOVE = YES;
				CLANG_WARN_UNGUARDED_AVAILABILITY = YES_AGGRESSIVE;
				CLANG_WARN_UNREACHABLE_CODE = YES;
				CLANG_WARN__DUPLICATE_METHOD_MATCH = YES;
				COPY_PHASE_STRIP = NO;
				DEBUG_INFORMATION_FORMAT = "dwarf-with-dsym";
				ENABLE_NS_ASSERTIONS = NO;
				ENABLE_STRICT_OBJC_MSGSEND = YES;
				GCC_C_LANGUAGE_STANDARD = gnu11;
				GCC_NO_COMMON_BLOCKS = YES;
				GCC_WARN_64_TO_32_BIT_CONVERSION = YES;
				GCC_WARN_ABOUT_RETURN_TYPE = YES_ERROR;
				GCC_WARN_UNDECLARED_SELECTOR = YES;
				GCC_WARN_UNINITIALIZED_AUTOS = YES_AGGRESSIVE;
				GCC_WARN_UNUSED_FUNCTION = YES;
				GCC_WARN_UNUSED_VARIABLE = YES;
				MACOSX_DEPLOYMENT_TARGET = 14.0;
				MTL_ENABLE_DEBUG_INFO = NO;
				MTL_FAST_MATH = YES;
				PRODUCT_NAME = "$(TARGET_NAME)";
				SDKROOT = macosx;
				SWIFT_COMPILATION_MODE = wholemodule;
				SWIFT_OPTIMIZATION_LEVEL = "-O";
				SWIFT_VERSION = 5.0;
			};
			name = Release;
		};
		417F5E2EAB45FB2542FC7C9B /* Debug */ = {
			isa = XCBuildConfiguration;
			buildSettings = {
				ASSETCATALOG_COMPILER_APPICON_NAME = AppIcon;
				CODE_SIGN_ENTITLEMENTS = Voice2Text/Voice2Text.entitlements;
				COMBINE_HIDPI_IMAGES = YES;
				CURRENT_PROJECT_VERSION = 12;
				ENABLE_HARDENED_RUNTIME = YES;
				HEADER_SEARCH_PATHS = (
					"$(PROJECT_DIR)/Whisper/include",
					"$(PROJECT_DIR)/LlamaCpp/include",
				);
				INFOPLIST_FILE = Voice2Text/Info.plist;
				LD_RUNPATH_SEARCH_PATHS = (
					"$(inherited)",
					"@executable_path/../Frameworks",
				);
				LIBRARY_SEARCH_PATHS = (
					"$(PROJECT_DIR)/Whisper/lib",
					"$(PROJECT_DIR)/LlamaCpp/lib",
				);
				MACOSX_DEPLOYMENT_TARGET = 14.0;
				MARKETING_VERSION = 1.10.3;
				OTHER_LDFLAGS = (
					"-lwhisper",
					"-lllama",
					"-lggml",
					"-lggml-base",
					"-lggml-cpu",
					"-lggml-metal",
					"-lggml-blas",
					"-lc++",
				);
				PRODUCT_BUNDLE_IDENTIFIER = com.voice2text.Voice2Text;
				SDKROOT = macosx;
				SWIFT_OBJC_BRIDGING_HEADER = "Voice2Text/Voice2Text-Bridging-Header.h";
			};
			name = Debug;
		};
		A40E64026479BED10494515B /* Release */ = {
			isa = XCBuildConfiguration;
			buildSettings = {
				ASSETCATALOG_COMPILER_APPICON_NAME = AppIcon;
				CODE_SIGN_ENTITLEMENTS = Voice2Text/Voice2Text.entitlements;
				COMBINE_HIDPI_IMAGES = YES;
				CURRENT_PROJECT_VERSION = 12;
				ENABLE_HARDENED_RUNTIME = YES;
				HEADER_SEARCH_PATHS = (
					"$(PROJECT_DIR)/Whisper/include",
					"$(PROJECT_DIR)/LlamaCpp/include",
				);
				INFOPLIST_FILE = Voice2Text/Info.plist;
				LD_RUNPATH_SEARCH_PATHS = (
					"$(inherited)",
					"@executable_path/../Frameworks",
				);
				LIBRARY_SEARCH_PATHS = (
					"$(PROJECT_DIR)/Whisper/lib",
					"$(PROJECT_DIR)/LlamaCpp/lib",
				);
				MACOSX_DEPLOYMENT_TARGET = 14.0;
				MARKETING_VERSION = 1.10.3;
				OTHER_LDFLAGS = (
					"-lwhisper",
					"-lllama",
					"-lggml",
					"-lggml-base",
					"-lggml-cpu",
					"-lggml-metal",
					"-lggml-blas",
					"-lc++",
				);
				PRODUCT_BUNDLE_IDENTIFIER = com.voice2text.Voice2Text;
				SDKROOT = macosx;
				SWIFT_OBJC_BRIDGING_HEADER = "Voice2Text/Voice2Text-Bridging-Header.h";
			};
			name = Release;
		};
		CEA8B1A53532BCD312AF43E5 /* Debug */ = {
			isa = XCBuildConfiguration;
			buildSettings = {
				ALWAYS_SEARCH_USER_PATHS = NO;
				CLANG_ANALYZER_NONNULL = YES;
				CLANG_ANALYZER_NUMBER_OBJECT_CONVERSION = YES_AGGRESSIVE;
				CLANG_CXX_LANGUAGE_STANDARD = "gnu++14";
				CLANG_CXX_LIBRARY = "libc++";
				CLANG_ENABLE_MODULES = YES;
				CLANG_ENABLE_OBJC_ARC = YES;
				CLANG_ENABLE_OBJC_WEAK = YES;
				CLANG_WARN_BLOCK_CAPTURE_AUTORELEASING = YES;
				CLANG_WARN_BOOL_CONVERSION = YES;
				CLANG_WARN_COMMA = YES;
				CLANG_WARN_CONSTANT_CONVERSION = YES;
				CLANG_WARN_DEPRECATED_OBJC_IMPLEMENTATIONS = YES;
				CLANG_WARN_DIRECT_OBJC_ISA_USAGE = YES_ERROR;
				CLANG_WARN_DOCUMENTATION_COMMENTS = YES;
				CLANG_WARN_EMPTY_BODY = YES;
				CLANG_WARN_ENUM_CONVERSION = YES;
				CLANG_WARN_INFINITE_RECURSION = YES;
				CLANG_WARN_INT_CONVERSION = YES;
				CLANG_WARN_NON_LITERAL_NULL_CONVERSION = YES;
				CLANG_WARN_OBJC_IMPLICIT_RETAIN_SELF = YES;
				CLANG_WARN_OBJC_LITERAL_CONVERSION = YES;
				CLANG_WARN_OBJC_ROOT_CLASS = YES_ERROR;
				CLANG_WARN_QUOTED_INCLUDE_IN_FRAMEWORK_HEADER = YES;
				CLANG_WARN_RANGE_LOOP_ANALYSIS = YES;
				CLANG_WARN_STRICT_PROTOTYPES = YES;
				CLANG_WARN_SUSPICIOUS_MOVE = YES;
				CLANG_WARN_UNGUARDED_AVAILABILITY = YES_AGGRESSIVE;
				CLANG_WARN_UNREACHABLE_CODE = YES;
				CLANG_WARN__DUPLICATE_METHOD_MATCH = YES;
				COPY_PHASE_STRIP = NO;
				DEBUG_INFORMATION_FORMAT = dwarf;
				ENABLE_STRICT_OBJC_MSGSEND = YES;
				ENABLE_TESTABILITY = YES;
				GCC_C_LANGUAGE_STANDARD = gnu11;
				GCC_DYNAMIC_NO_PIC = NO;
				GCC_NO_COMMON_BLOCKS = YES;
				GCC_OPTIMIZATION_LEVEL = 0;
				GCC_PREPROCESSOR_DEFINITIONS = (
					"$(inherited)",
					"DEBUG=1",
				);
				GCC_WARN_64_TO_32_BIT_CONVERSION = YES;
				GCC_WARN_ABOUT_RETURN_TYPE = YES_ERROR;
				GCC_WARN_UNDECLARED_SELECTOR = YES;
				GCC_WARN_UNINITIALIZED_AUTOS = YES_AGGRESSIVE;
				GCC_WARN_UNUSED_FUNCTION = YES;
				GCC_WARN_UNUSED_VARIABLE = YES;
				MACOSX_DEPLOYMENT_TARGET = 14.0;
				MTL_ENABLE_DEBUG_INFO = INCLUDE_SOURCE;
				MTL_FAST_MATH = YES;
				ONLY_ACTIVE_ARCH = YES;
				PRODUCT_NAME = "$(TARGET_NAME)";
				SDKROOT = macosx;
				SWIFT_ACTIVE_COMPILATION_CONDITIONS = DEBUG;
				SWIFT_OPTIMIZATION_LEVEL = "-Onone";
				SWIFT_VERSION = 5.0;
			};
			name = Debug;
		};
/* End XCBuildConfiguration section */

/* Begin XCConfigurationList section */
		0A268B4046FE1F95268C5157 /* Build configuration list for PBXProject "Voice2Text" */ = {
			isa = XCConfigurationList;
			buildConfigurations = (
				CEA8B1A53532BCD312AF43E5 /* Debug */,
				3F15113D21CB0024DA3B5C4F /* Release */,
			);
			defaultConfigurationIsVisible = 0;
			defaultConfigurationName = Debug;
		};
		960FE16CA7AB596C4944A6FB /* Build configuration list for PBXNativeTarget "Voice2Text" */ = {
			isa = XCConfigurationList;
			buildConfigurations = (
				417F5E2EAB45FB2542FC7C9B /* Debug */,
				A40E64026479BED10494515B /* Release */,
			);
			defaultConfigurationIsVisible = 0;
			defaultConfigurationName = Debug;
		};
/* End XCConfigurationList section */
	};
	rootObject = B96CD4A27AA637771350BD4B /* Project object */;
}
